// !$*UTF8*$!
{
	archiveVersion = 1;
	classes = {
	};
	objectVersion = 46;
	objects = {

/* Begin PBXBuildFile section */
		B317ABD11944ADAA004F4670 /* Ground.png in Resources */ = {isa = PBXBuildFile; fileRef = B317ABCF1944ADAA004F4670 /* Ground.png */; };
		B317ABD51944B61A004F4670 /* Pipe.png in Resources */ = {isa = PBXBuildFile; fileRef = B317ABD41944B61A004F4670 /* Pipe.png */; };
		B317ABDB19456EE8004F4670 /* UPipe.png in Resources */ = {isa = PBXBuildFile; fileRef = B317ABDA19456EE8004F4670 /* UPipe.png */; };
		B317ABDD194575CD004F4670 /* Background.png in Resources */ = {isa = PBXBuildFile; fileRef = B317ABDC194575CD004F4670 /* Background.png */; };
		B317ABDF1945879B004F4670 /* iAd.framework in Frameworks */ = {isa = PBXBuildFile; fileRef = B317ABDE1945879B004F4670 /* iAd.framework */; };
		B39AC1AC19421011001D325E /* AppDelegate.swift in Sources */ = {isa = PBXBuildFile; fileRef = B39AC1AB19421011001D325E /* AppDelegate.swift */; };
		B39AC1AE19421011001D325E /* GameScene.sks in Resources */ = {isa = PBXBuildFile; fileRef = B39AC1AD19421011001D325E /* GameScene.sks */; };
		B39AC1B019421011001D325E /* GameScene.swift in Sources */ = {isa = PBXBuildFile; fileRef = B39AC1AF19421011001D325E /* GameScene.swift */; };
		B39AC1B219421011001D325E /* GameViewController.swift in Sources */ = {isa = PBXBuildFile; fileRef = B39AC1B119421011001D325E /* GameViewController.swift */; };
		B39AC1B519421011001D325E /* Main.storyboard in Resources */ = {isa = PBXBuildFile; fileRef = B39AC1B319421011001D325E /* Main.storyboard */; };
		B39AC1B719421011001D325E /* Images.xcassets in Resources */ = {isa = PBXBuildFile; fileRef = B39AC1B619421011001D325E /* Images.xcassets */; };
		B39AC1C319421011001D325E /* Flappy_BirdTests.swift in Sources */ = {isa = PBXBuildFile; fileRef = B39AC1C219421011001D325E /* Flappy_BirdTests.swift */; };
/* End PBXBuildFile section */

/* Begin PBXContainerItemProxy section */
		B39AC1BD19421011001D325E /* PBXContainerItemProxy */ = {
			isa = PBXContainerItemProxy;
			containerPortal = B39AC19E19421011001D325E /* Project object */;
			proxyType = 1;
			remoteGlobalIDString = B39AC1A519421011001D325E;
			remoteInfo = "Flappy Bird";
		};
/* End PBXContainerItemProxy section */

/* Begin PBXFileReference section */
		B317ABCF1944ADAA004F4670 /* Ground.png */ = {isa = PBXFileReference; lastKnownFileType = image.png; path = Ground.png; sourceTree = "<group>"; };
		B317ABD41944B61A004F4670 /* Pipe.png */ = {isa = PBXFileReference; lastKnownFileType = image.png; path = Pipe.png; sourceTree = "<group>"; };
		B317ABDA19456EE8004F4670 /* UPipe.png */ = {isa = PBXFileReference; lastKnownFileType = image.png; path = UPipe.png; sourceTree = "<group>"; };
		B317ABDC194575CD004F4670 /* Background.png */ = {isa = PBXFileReference; lastKnownFileType = image.png; path = Background.png; sourceTree = "<group>"; };
		B317ABDE1945879B004F4670 /* iAd.framework */ = {isa = PBXFileReference; lastKnownFileType = wrapper.framework; name = iAd.framework; path = System/Library/Frameworks/iAd.framework; sourceTree = SDKROOT; };
		B39AC1A619421011001D325E /* Flappy Bird.app */ = {isa = PBXFileReference; explicitFileType = wrapper.application; includeInIndex = 0; path = "Flappy Bird.app"; sourceTree = BUILT_PRODUCTS_DIR; };
		B39AC1AA19421011001D325E /* Info.plist */ = {isa = PBXFileReference; lastKnownFileType = text.plist.xml; path = Info.plist; sourceTree = "<group>"; };
		B39AC1AB19421011001D325E /* AppDelegate.swift */ = {isa = PBXFileReference; lastKnownFileType = sourcecode.swift; path = AppDelegate.swift; sourceTree = "<group>"; };
		B39AC1AD19421011001D325E /* GameScene.sks */ = {isa = PBXFileReference; lastKnownFileType = file.sks; path = GameScene.sks; sourceTree = "<group>"; };
		B39AC1AF19421011001D325E /* GameScene.swift */ = {isa = PBXFileReference; lastKnownFileType = sourcecode.swift; path = GameScene.swift; sourceTree = "<group>"; };
		B39AC1B119421011001D325E /* GameViewController.swift */ = {isa = PBXFileReference; lastKnownFileType = sourcecode.swift; path = GameViewController.swift; sourceTree = "<group>"; };
		B39AC1B419421011001D325E /* Base */ = {isa = PBXFileReference; lastKnownFileType = file.storyboard; name = Base; path = Base.lproj/Main.storyboard; sourceTree = "<group>"; };
		B39AC1B619421011001D325E /* Images.xcassets */ = {isa = PBXFileReference; lastKnownFileType = folder.assetcatalog; path = Images.xcassets; sourceTree = "<group>"; };
		B39AC1BC19421011001D325E /* Flappy BirdTests.xctest */ = {isa = PBXFileReference; explicitFileType = wrapper.cfbundle; includeInIndex = 0; path = "Flappy BirdTests.xctest"; sourceTree = BUILT_PRODUCTS_DIR; };
		B39AC1C119421011001D325E /* Info.plist */ = {isa = PBXFileReference; lastKnownFileType = text.plist.xml; path = Info.plist; sourceTree = "<group>"; };
		B39AC1C219421011001D325E /* Flappy_BirdTests.swift */ = {isa = PBXFileReference; lastKnownFileType = sourcecode.swift; path = Flappy_BirdTests.swift; sourceTree = "<group>"; };
/* End PBXFileReference section */

/* Begin PBXFrameworksBuildPhase section */
		B39AC1A319421011001D325E /* Frameworks */ = {
			isa = PBXFrameworksBuildPhase;
			buildActionMask = 2147483647;
			files = (
				B317ABDF1945879B004F4670 /* iAd.framework in Frameworks */,
			);
			runOnlyForDeploymentPostprocessing = 0;
		};
		B39AC1B919421011001D325E /* Frameworks */ = {
			isa = PBXFrameworksBuildPhase;
			buildActionMask = 2147483647;
			files = (
			);
			runOnlyForDeploymentPostprocessing = 0;
		};
/* End PBXFrameworksBuildPhase section */

/* Begin PBXGroup section */
		B317ABCD1944ADA2004F4670 /* Images */ = {
			isa = PBXGroup;
			children = (
				B317ABDC194575CD004F4670 /* Background.png */,
				B317ABD41944B61A004F4670 /* Pipe.png */,
				B317ABDA19456EE8004F4670 /* UPipe.png */,
				B317ABCF1944ADAA004F4670 /* Ground.png */,
			);
			name = Images;
			sourceTree = "<group>";
		};
		B39AC19D19421011001D325E = {
			isa = PBXGroup;
			children = (
				B317ABDE1945879B004F4670 /* iAd.framework */,
				B39AC1A819421011001D325E /* Flappy Bird */,
				B39AC1BF19421011001D325E /* Flappy BirdTests */,
				B39AC1A719421011001D325E /* Products */,
			);
			sourceTree = "<group>";
		};
		B39AC1A719421011001D325E /* Products */ = {
			isa = PBXGroup;
			children = (
				B39AC1A619421011001D325E /* Flappy Bird.app */,
				B39AC1BC19421011001D325E /* Flappy BirdTests.xctest */,
			);
			name = Products;
			sourceTree = "<group>";
		};
		B39AC1A819421011001D325E /* Flappy Bird */ = {
			isa = PBXGroup;
			children = (
				B317ABCD1944ADA2004F4670 /* Images */,
				B39AC1AB19421011001D325E /* AppDelegate.swift */,
				B39AC1AD19421011001D325E /* GameScene.sks */,
				B39AC1AF19421011001D325E /* GameScene.swift */,
				B39AC1B119421011001D325E /* GameViewController.swift */,
				B39AC1B319421011001D325E /* Main.storyboard */,
				B39AC1B619421011001D325E /* Images.xcassets */,
				B39AC1A919421011001D325E /* Supporting Files */,
			);
			path = "Flappy Bird";
			sourceTree = "<group>";
		};
		B39AC1A919421011001D325E /* Supporting Files */ = {
			isa = PBXGroup;
			children = (
				B39AC1AA19421011001D325E /* Info.plist */,
			);
			name = "Supporting Files";
			sourceTree = "<group>";
		};
		B39AC1BF19421011001D325E /* Flappy BirdTests */ = {
			isa = PBXGroup;
			children = (
				B39AC1C219421011001D325E /* Flappy_BirdTests.swift */,
				B39AC1C019421011001D325E /* Supporting Files */,
			);
			path = "Flappy BirdTests";
			sourceTree = "<group>";
		};
		B39AC1C019421011001D325E /* Supporting Files */ = {
			isa = PBXGroup;
			children = (
				B39AC1C119421011001D325E /* Info.plist */,
			);
			name = "Supporting Files";
			sourceTree = "<group>";
		};
/* End PBXGroup section */

/* Begin PBXNativeTarget section */
		B39AC1A519421011001D325E /* Flappy Bird */ = {
			isa = PBXNativeTarget;
			buildConfigurationList = B39AC1C619421011001D325E /* Build configuration list for PBXNativeTarget "Flappy Bird" */;
			buildPhases = (
				B39AC1A219421011001D325E /* Sources */,
				B39AC1A319421011001D325E /* Frameworks */,
				B39AC1A419421011001D325E /* Resources */,
			);
			buildRules = (
			);
			dependencies = (
			);
			name = "Flappy Bird";
			productName = "Flappy Bird";
			productReference = B39AC1A619421011001D325E /* Flappy Bird.app */;
			productType = "com.apple.product-type.application";
		};
		B39AC1BB19421011001D325E /* Flappy BirdTests */ = {
			isa = PBXNativeTarget;
			buildConfigurationList = B39AC1C919421011001D325E /* Build configuration list for PBXNativeTarget "Flappy BirdTests" */;
			buildPhases = (
				B39AC1B819421011001D325E /* Sources */,
				B39AC1B919421011001D325E /* Frameworks */,
				B39AC1BA19421011001D325E /* Resources */,
			);
			buildRules = (
			);
			dependencies = (
				B39AC1BE19421011001D325E /* PBXTargetDependency */,
			);
			name = "Flappy BirdTests";
			productName = "Flappy BirdTests";
			productReference = B39AC1BC19421011001D325E /* Flappy BirdTests.xctest */;
			productType = "com.apple.product-type.bundle.unit-test";
		};
/* End PBXNativeTarget section */

/* Begin PBXProject section */
		B39AC19E19421011001D325E /* Project object */ = {
			isa = PBXProject;
			attributes = {
				LastUpgradeCheck = 0600;
				ORGANIZATIONNAME = "Connor Christie";
				TargetAttributes = {
					B39AC1A519421011001D325E = {
						CreatedOnToolsVersion = 6.0;
						DevelopmentTeam = MB848KS9KT;
					};
					B39AC1BB19421011001D325E = {
						CreatedOnToolsVersion = 6.0;
						TestTargetID = B39AC1A519421011001D325E;
					};
				};
			};
			buildConfigurationList = B39AC1A119421011001D325E /* Build configuration list for PBXProject "Flappy Bird" */;
			compatibilityVersion = "Xcode 3.2";
			developmentRegion = English;
			hasScannedForEncodings = 0;
			knownRegions = (
				en,
				Base,
			);
			mainGroup = B39AC19D19421011001D325E;
			productRefGroup = B39AC1A719421011001D325E /* Products */;
			projectDirPath = "";
			projectRoot = "";
			targets = (
				B39AC1A519421011001D325E /* Flappy Bird */,
				B39AC1BB19421011001D325E /* Flappy BirdTests */,
			);
		};
/* End PBXProject section */

/* Begin PBXResourcesBuildPhase section */
		B39AC1A419421011001D325E /* Resources */ = {
			isa = PBXResourcesBuildPhase;
			buildActionMask = 2147483647;
			files = (
				B317ABDB19456EE8004F4670 /* UPipe.png in Resources */,
				B39AC1B719421011001D325E /* Images.xcassets in Resources */,
				B39AC1AE19421011001D325E /* GameScene.sks in Resources */,
				B317ABDD194575CD004F4670 /* Background.png in Resources */,
				B317ABD11944ADAA004F4670 /* Ground.png in Resources */,
				B317ABD51944B61A004F4670 /* Pipe.png in Resources */,
				B39AC1B519421011001D325E /* Main.storyboard in Resources */,
			);
			runOnlyForDeploymentPostprocessing = 0;
		};
		B39AC1BA19421011001D325E /* Resources */ = {
			isa = PBXResourcesBuildPhase;
			buildActionMask = 2147483647;
			files = (
			);
			runOnlyForDeploymentPostprocessing = 0;
		};
/* End PBXResourcesBuildPhase section */

/* Begin PBXSourcesBuildPhase section */
		B39AC1A219421011001D325E /* Sources */ = {
			isa = PBXSourcesBuildPhase;
			buildActionMask = 2147483647;
			files = (
				B39AC1B019421011001D325E /* GameScene.swift in Sources */,
				B39AC1B219421011001D325E /* GameViewController.swift in Sources */,
				B39AC1AC19421011001D325E /* AppDelegate.swift in Sources */,
			);
			runOnlyForDeploymentPostprocessing = 0;
		};
		B39AC1B819421011001D325E /* Sources */ = {
			isa = PBXSourcesBuildPhase;
			buildActionMask = 2147483647;
			files = (
				B39AC1C319421011001D325E /* Flappy_BirdTests.swift in Sources */,
			);
			runOnlyForDeploymentPostprocessing = 0;
		};
/* End PBXSourcesBuildPhase section */

/* Begin PBXTargetDependency section */
		B39AC1BE19421011001D325E /* PBXTargetDependency */ = {
			isa = PBXTargetDependency;
			target = B39AC1A519421011001D325E /* Flappy Bird */;
			targetProxy = B39AC1BD19421011001D325E /* PBXContainerItemProxy */;
		};
/* End PBXTargetDependency section */

/* Begin PBXVariantGroup section */
		B39AC1B319421011001D325E /* Main.storyboard */ = {
			isa = PBXVariantGroup;
			children = (
				B39AC1B419421011001D325E /* Base */,
			);
			name = Main.storyboard;
			sourceTree = "<group>";
		};
/* End PBXVariantGroup section */

/* Begin XCBuildConfiguration section */
		B39AC1C419421011001D325E /* Debug */ = {
			isa = XCBuildConfiguration;
			buildSettings = {
				ALWAYS_SEARCH_USER_PATHS = NO;
				CLANG_CXX_LANGUAGE_STANDARD = "gnu++0x";
				CLANG_CXX_LIBRARY = "libc++";
				CLANG_ENABLE_MODULES = YES;
				CLANG_ENABLE_OBJC_ARC = YES;
				CLANG_WARN_BOOL_CONVERSION = YES;
				CLANG_WARN_CONSTANT_CONVERSION = YES;
				CLANG_WARN_DIRECT_OBJC_ISA_USAGE = YES_ERROR;
				CLANG_WARN_EMPTY_BODY = YES;
				CLANG_WARN_ENUM_CONVERSION = YES;
				CLANG_WARN_INT_CONVERSION = YES;
				CLANG_WARN_OBJC_ROOT_CLASS = YES_ERROR;
				CLANG_WARN_UNREACHABLE_CODE = YES;
				CLANG_WARN__DUPLICATE_METHOD_MATCH = YES;
				"CODE_SIGN_IDENTITY[sdk=iphoneos*]" = "iPhone Developer";
				COPY_PHASE_STRIP = NO;
				ENABLE_STRICT_OBJC_MSGSEND = YES;
				GCC_C_LANGUAGE_STANDARD = gnu99;
				GCC_DYNAMIC_NO_PIC = NO;
				GCC_OPTIMIZATION_LEVEL = 0;
				GCC_PREPROCESSOR_DEFINITIONS = (
					"DEBUG=1",
					"$(inherited)",
				);
				GCC_SYMBOLS_PRIVATE_EXTERN = NO;
				GCC_WARN_64_TO_32_BIT_CONVERSION = YES;
				GCC_WARN_ABOUT_RETURN_TYPE = YES_ERROR;
				GCC_WARN_UNDECLARED_SELECTOR = YES;
				GCC_WARN_UNINITIALIZED_AUTOS = YES_AGGRESSIVE;
				GCC_WARN_UNUSED_FUNCTION = YES;
				GCC_WARN_UNUSED_VARIABLE = YES;
				IPHONEOS_DEPLOYMENT_TARGET = 8.0;
				METAL_ENABLE_DEBUG_INFO = YES;
				ONLY_ACTIVE_ARCH = YES;
				SDKROOT = iphoneos;
				SWIFT_OPTIMIZATION_LEVEL = "-Onone";
				TARGETED_DEVICE_FAMILY = "1,2";
			};
			name = Debug;
		};
		B39AC1C519421011001D325E /* Release */ = {
			isa = XCBuildConfiguration;
			buildSettings = {
				ALWAYS_SEARCH_USER_PATHS = NO;
				CLANG_CXX_LANGUAGE_STANDARD = "gnu++0x";
				CLANG_CXX_LIBRARY = "libc++";
				CLANG_ENABLE_MODULES = YES;
				CLANG_ENABLE_OBJC_ARC = YES;
				CLANG_WARN_BOOL_CONVERSION = YES;
				CLANG_WARN_CONSTANT_CONVERSION = YES;
				CLANG_WARN_DIRECT_OBJC_ISA_USAGE = YES_ERROR;
				CLANG_WARN_EMPTY_BODY = YES;
				CLANG_WARN_ENUM_CONVERSION = YES;
				CLANG_WARN_INT_CONVERSION = YES;
				CLANG_WARN_OBJC_ROOT_CLASS = YES_ERROR;
				CLANG_WARN_UNREACHABLE_CODE = YES;
				CLANG_WARN__DUPLICATE_METHOD_MATCH = YES;
				"CODE_SIGN_IDENTITY[sdk=iphoneos*]" = "iPhone Developer";
				COPY_PHASE_STRIP = YES;
				ENABLE_NS_ASSERTIONS = NO;
				ENABLE_STRICT_OBJC_MSGSEND = YES;
				GCC_C_LANGUAGE_STANDARD = gnu99;
				GCC_WARN_64_TO_32_BIT_CONVERSION = YES;
				GCC_WARN_ABOUT_RETURN_TYPE = YES_ERROR;
				GCC_WARN_UNDECLARED_SELECTOR = YES;
				GCC_WARN_UNINITIALIZED_AUTOS = YES_AGGRESSIVE;
				GCC_WARN_UNUSED_FUNCTION = YES;
				GCC_WARN_UNUSED_VARIABLE = YES;
				IPHONEOS_DEPLOYMENT_TARGET = 8.0;
				METAL_ENABLE_DEBUG_INFO = NO;
				SDKROOT = iphoneos;
				TARGETED_DEVICE_FAMILY = "1,2";
				VALIDATE_PRODUCT = YES;
			};
			name = Release;
		};
		B39AC1C719421011001D325E /* Debug */ = {
			isa = XCBuildConfiguration;
			buildSettings = {
				ASSETCATALOG_COMPILER_APPICON_NAME = AppIcon;
				ASSETCATALOG_COMPILER_LAUNCHIMAGE_NAME = LaunchImage;
				CODE_SIGN_IDENTITY = "iPhone Developer";
				INFOPLIST_FILE = "Flappy Bird/Info.plist";
				IPHONEOS_DEPLOYMENT_TARGET = 8.0;
				LD_RUNPATH_SEARCH_PATHS = "$(inherited) @executable_path/Frameworks";
				PRODUCT_NAME = "$(TARGET_NAME)";
			};
			name = Debug;
		};
		B39AC1C819421011001D325E /* Release */ = {
			isa = XCBuildConfiguration;
			buildSettings = {
				ASSETCATALOG_COMPILER_APPICON_NAME = AppIcon;
				ASSETCATALOG_COMPILER_LAUNCHIMAGE_NAME = LaunchImage;
				CODE_SIGN_IDENTITY = "iPhone Developer";
				INFOPLIST_FILE = "Flappy Bird/Info.plist";
				IPHONEOS_DEPLOYMENT_TARGET = 8.0;
				LD_RUNPATH_SEARCH_PATHS = "$(inherited) @executable_path/Frameworks";
				PRODUCT_NAME = "$(TARGET_NAME)";
			};
			name = Release;
		};
		B39AC1CA19421011001D325E /* Debug */ = {
			isa = XCBuildConfiguration;
			buildSettings = {
				BUNDLE_LOADER = "$(BUILT_PRODUCTS_DIR)/Flappy Bird.app/Flappy Bird";
				FRAMEWORK_SEARCH_PATHS = (
					"$(SDKROOT)/Developer/Library/Frameworks",
					"$(inherited)",
				);
				GCC_PREPROCESSOR_DEFINITIONS = (
					"DEBUG=1",
					"$(inherited)",
				);
				INFOPLIST_FILE = "Flappy BirdTests/Info.plist";
				LD_RUNPATH_SEARCH_PATHS = "$(inherited) @executable_path/Frameworks @loader_path/Frameworks";
				METAL_ENABLE_DEBUG_INFO = YES;
				PRODUCT_NAME = "$(TARGET_NAME)";
				TEST_HOST = "$(BUNDLE_LOADER)";
			};
			name = Debug;
		};
		B39AC1CB19421011001D325E /* Release */ = {
			isa = XCBuildConfiguration;
			buildSettings = {
				BUNDLE_LOADER = "$(BUILT_PRODUCTS_DIR)/Flappy Bird.app/Flappy Bird";
				FRAMEWORK_SEARCH_PATHS = (
					"$(SDKROOT)/Developer/Library/Frameworks",
					"$(inherited)",
				);
				INFOPLIST_FILE = "Flappy BirdTests/Info.plist";
				LD_RUNPATH_SEARCH_PATHS = "$(inherited) @executable_path/Frameworks @loader_path/Frameworks";
				METAL_ENABLE_DEBUG_INFO = NO;
				PRODUCT_NAME = "$(TARGET_NAME)";
				TEST_HOST = "$(BUNDLE_LOADER)";
			};
			name = Release;
		};
/* End XCBuildConfiguration section */

/* Begin XCConfigurationList section */
		B39AC1A119421011001D325E /* Build configuration list for PBXProject "Flappy Bird" */ = {
			isa = XCConfigurationList;
			buildConfigurations = (
				B39AC1C419421011001D325E /* Debug */,
				B39AC1C519421011001D325E /* Release */,
			);
			defaultConfigurationIsVisible = 0;
			defaultConfigurationName = Release;
		};
		B39AC1C619421011001D325E /* Build configuration list for PBXNativeTarget "Flappy Bird" */ = {
			isa = XCConfigurationList;
			buildConfigurations = (
				B39AC1C719421011001D325E /* Debug */,
				B39AC1C819421011001D325E /* Release */,
			);
			defaultConfigurationIsVisible = 0;
			defaultConfigurationName = Release;
		};
		B39AC1C919421011001D325E /* Build configuration list for PBXNativeTarget "Flappy BirdTests" */ = {
			isa = XCConfigurationList;
			buildConfigurations = (
				B39AC1CA19421011001D325E /* Debug */,
				B39AC1CB19421011001D325E /* Release */,
			);
			defaultConfigurationIsVisible = 0;
			defaultConfigurationName = Release;
		};
/* End XCConfigurationList section */
	};
	rootObject = B39AC19E19421011001D325E /* Project object */;
}
